
Microsoft Visual Studio Solution File, Format Version 12.00
# Visual Studio Version 16
VisualStudioVersion = 16.0.33328.57
MinimumVisualStudioVersion = 10.0.40219.1
Project("{FAE04EC0-301F-11D3-BF4B-00C04F79EFBC}") = "ClientIPC", "ClientIPC\ClientIPC.csproj", "{AC738E39-9898-4820-B3BF-77FAEBD17AB7}"
EndProject
Global
	GlobalSection(SolutionConfigurationPlatforms) = preSolution
		Debug|Any CPU = Debug|Any CPU
		Release|Any CPU = Release|Any CPU
	EndGlobalSection
	GlobalSection(ProjectConfigurationPlatforms) = postSolution
		{AC738E39-9898-4820-B3BF-77FAEBD17AB7}.Debug|Any CPU.ActiveCfg = Debug|Any CPU
		{AC738E39-9898-4820-B3BF-77FAEBD17AB7}.Debug|Any CPU.Build.0 = Debug|Any CPU
		{AC738E39-9898-4820-B3BF-77FAEBD17AB7}.Release|Any CPU.ActiveCfg = Release|Any CPU
		{AC738E39-9898-4820-B3BF-77FAEBD17AB7}.Release|Any CPU.Build.0 = Release|Any CPU
	EndGlobalSection
	GlobalSection(SolutionProperties) = preSolution
		HideSolutionNode = FALSE
	EndGlobalSection
	GlobalSection(ExtensibilityGlobals) = postSolution
		SolutionGuid = {7E998446-2BD4-4D79-8E96-7EE4A84716A0}
	EndGlobalSection
EndGlobal
